{
  "name": "keyboard",
  "version": "1.0.0",
  "lockfileVersion": 1,
  "requires": true,
  "dependencies": {
    "asn1": {
      "version": "0.2.3",
      "resolved": "https://registry.npmjs.org/asn1/-/asn1-0.2.3.tgz",
      "integrity": "sha1-2sh4dxPJlmhJ/IGAd36+nB3fO4Y="
    },
    "async": {
      "version": "0.2.10",
      "resolved": "https://registry.npmjs.org/async/-/async-0.2.10.tgz",
      "integrity": "sha1-trvgsGdLnXGXCMo43owjfLUmw9E="
    },
    "glob": {
      "version": "3.2.11",
      "resolved": "https://registry.npmjs.org/glob/-/glob-3.2.11.tgz",
      "integrity": "sha1-Spc/Y1uRkPcV0QmH1cAP0oFevj0=",
      "requires": {
        "inherits": "2.0.3",
        "minimatch": "0.3.0"
      }
    },
    "inherits": {
      "version": "2.0.3",
      "resolved": "https://registry.npmjs.org/inherits/-/inherits-2.0.3.tgz",
      "integrity": "sha1-Yzwsg+PaQqUC9SRmAiSA9CCCYd4="
    },
    "is": {
      "version": "0.3.0",
      "resolved": "https://registry.npmjs.org/is/-/is-0.3.0.tgz",
      "integrity": "sha1-qPcd/IpuKDcWJ/JskpCYxvTV1dc="
    },
    "lodash": {
      "version": "2.0.0",
      "resolved": "https://registry.npmjs.org/lodash/-/lodash-2.0.0.tgz",
      "integrity": "sha1-nc+eP6wErQo4yeLbacn7fOJtq8I="
    },
    "lru-cache": {
      "version": "2.7.3",
      "resolved": "https://registry.npmjs.org/lru-cache/-/lru-cache-2.7.3.tgz",
      "integrity": "sha1-bUUk6LlV+V1PW1iFHOId1y+06VI="
    },
    "minimatch": {
      "version": "0.3.0",
      "resolved": "https://registry.npmjs.org/minimatch/-/minimatch-0.3.0.tgz",
      "integrity": "sha1-J12O2qxPG7MyZHIInnlJyDlGmd0=",
      "requires": {
        "lru-cache": "2.7.3",
        "sigmund": "1.0.1"
      }
    },
    "node.extend": {
      "version": "1.0.10",
      "resolved": "https://registry.npmjs.org/node.extend/-/node.extend-1.0.10.tgz",
      "integrity": "sha1-Mmm934HFRTX0CKvHhMMrDSvVX28=",
      "requires": {
        "is": "0.3.0"
      }
    },
    "scp2": {
      "version": "0.1.4",
      "resolved": "https://registry.npmjs.org/scp2/-/scp2-0.1.4.tgz",
      "integrity": "sha1-HXR9j5sQJhkfdq4s2GSAPMSMDgo=",
      "requires": {
        "async": "0.2.10",
        "glob": "3.2.11",
        "lodash": "2.0.0",
        "ssh2": "0.2.25"
      },
      "dependencies": {
        "asn1": {
          "version": "0.1.11",
          "resolved": "https://registry.npmjs.org/asn1/-/asn1-0.1.11.tgz",
          "integrity": "sha1-VZvhg3bQik7E2+gId9J4GGObLfc="
        },
        "ssh2": {
          "version": "0.2.25",
          "resolved": "https://registry.npmjs.org/ssh2/-/ssh2-0.2.25.tgz",
          "integrity": "sha1-LtNEqF4f/qTYOrLehSZehLgWkeU=",
          "requires": {
            "asn1": "0.1.11",
            "streamsearch": "0.1.2"
          }
        }
      }
    },
    "semver": {
      "version": "5.5.0",
      "resolved": "https://registry.npmjs.org/semver/-/semver-5.5.0.tgz",
      "integrity": "sha512-4SJ3dm0WAwWy/NVeioZh5AntkdJoWKxHxcmyP622fOkgHa4z3R0TdBJICINyaSDE6uNwVc8gZr+ZinwZAH4xIA=="
    },
    "sftp-node": {
      "version": "0.0.7",
      "resolved": "https://registry.npmjs.org/sftp-node/-/sftp-node-0.0.7.tgz",
      "integrity": "sha512-v/K52UqOYRd8SeSAL9woRkoT5athxOyz4DCyJwOLf0VkwrZT7r3zpfe/O4AmUw/JhydEFBIUSPyT5cr1hBD+yg==",
      "requires": {
        "ssh2": "0.5.5"
      }
    },
    "sftp-upload": {
      "version": "1.0.0",
      "resolved": "https://registry.npmjs.org/sftp-upload/-/sftp-upload-1.0.0.tgz",
      "integrity": "sha1-CsQ3B/0tjveUlMJraVW2Q7WY8Ts=",
      "requires": {
        "async": "0.2.10",
        "node.extend": "1.0.10",
        "scp2": "0.1.4"
      }
    },
    "sigmund": {
      "version": "1.0.1",
      "resolved": "https://registry.npmjs.org/sigmund/-/sigmund-1.0.1.tgz",
      "integrity": "sha1-P/IfGYytIXX587eBhT/ZTQ0ZtZA="
    },
    "ssh2": {
      "version": "0.5.5",
      "resolved": "https://registry.npmjs.org/ssh2/-/ssh2-0.5.5.tgz",
      "integrity": "sha1-x3gezS7OcwSiU89iD6taXCK7IjU=",
      "requires": {
        "ssh2-streams": "0.1.20"
      }
    },
    "ssh2-streams": {
      "version": "0.1.20",
      "resolved": "https://registry.npmjs.org/ssh2-streams/-/ssh2-streams-0.1.20.tgz",
      "integrity": "sha1-URGNFUVV31Rp7h9n4M8efoosDjo=",
      "requires": {
        "asn1": "0.2.3",
        "semver": "5.5.0",
        "streamsearch": "0.1.2"
      }
    },
    "streamsearch": {
      "version": "0.1.2",
      "resolved": "https://registry.npmjs.org/streamsearch/-/streamsearch-0.1.2.tgz",
      "integrity": "sha1-gIudDlb8Jz2Am6VzOOkpkZoanxo="
    }
  }
}
